
Microsoft Visual Studio Solution File, Format Version 12.00
# Visual Studio 14
VisualStudioVersion = 14.0.25420.1
MinimumVisualStudioVersion = 10.0.40219.1
Project("{2150E333-8FDC-42A3-9474-1A3956D46DE8}") = "src", "src", "{612FD610-39C8-4480-959E-EE58A1FA663F}"
EndProject
Project("{2150E333-8FDC-42A3-9474-1A3956D46DE8}") = "Solution Items", "Solution Items", "{61BCA637-D996-4412-ACD3-3115E79A1B37}"
	ProjectSection(SolutionItems) = preProject
		global.json = global.json
	EndProjectSection
EndProject
Project("{8BB2217D-0F2D-49D1-97BC-3654ED321F3B}") = "AzureFunctionsLibrary", "src\AzureFunctionsLibrary\AzureFunctionsLibrary.xproj", "{7B172B56-1759-46E9-882D-7AE15C60B5D6}"
EndProject
Global
	GlobalSection(SolutionConfigurationPlatforms) = preSolution
		Debug|Any CPU = Debug|Any CPU
		Release|Any CPU = Release|Any CPU
	EndGlobalSection
	GlobalSection(ProjectConfigurationPlatforms) = postSolution
		{7B172B56-1759-46E9-882D-7AE15C60B5D6}.Debug|Any CPU.ActiveCfg = Debug|Any CPU
		{7B172B56-1759-46E9-882D-7AE15C60B5D6}.Debug|Any CPU.Build.0 = Debug|Any CPU
		{7B172B56-1759-46E9-882D-7AE15C60B5D6}.Release|Any CPU.ActiveCfg = Release|Any CPU
		{7B172B56-1759-46E9-882D-7AE15C60B5D6}.Release|Any CPU.Build.0 = Release|Any CPU
	EndGlobalSection
	GlobalSection(SolutionProperties) = preSolution
		HideSolutionNode = FALSE
	EndGlobalSection
	GlobalSection(NestedProjects) = preSolution
		{7B172B56-1759-46E9-882D-7AE15C60B5D6} = {612FD610-39C8-4480-959E-EE58A1FA663F}
	EndGlobalSection
EndGlobal
